
Microsoft Visual Studio Solution File, Format Version 12.00
# Visual Studio Version 17
VisualStudioVersion = 17.10.35122.118
MinimumVisualStudioVersion = 10.0.40219.1
Project("{9A19103F-16F7-4668-BE54-9A1E7A4F7556}") = "Sparky", "Sparky\Sparky.csproj", "{FAA6218C-ABCB-420C-A9B4-EDA0CEA654F0}"
EndProject
Project("{9A19103F-16F7-4668-BE54-9A1E7A4F7556}") = "SparkyMSTest", "SparkyMSTest\SparkyMSTest.csproj", "{EA23CCAB-38E2-473D-B82B-ED1FE6B73399}"
EndProject
Project("{9A19103F-16F7-4668-BE54-9A1E7A4F7556}") = "SparkyNUnitTest", "SparkyNUnitTest\SparkyNUnitTest.csproj", "{CBAAA3C6-3238-473B-A194-DCD8C31C4A85}"
EndProject
Project("{9A19103F-16F7-4668-BE54-9A1E7A4F7556}") = "SparkyXUnitTest", "SparkyXUnitTest\SparkyXUnitTest.csproj", "{9DC4A5EA-9D7B-4A7D-9BF1-30CA364EF8EF}"
EndProject
Project("{2150E333-8FDC-42A3-9474-1A3956D46DE8}") = "Basic Fundation", "Basic Fundation", "{1BCBC7C4-BB51-4960-86F8-17A6E7E1EBFD}"
EndProject
Project("{2150E333-8FDC-42A3-9474-1A3956D46DE8}") = "BongoWeb", "BongoWeb", "{F477FB05-5CF0-4F27-A86B-47D6DCE90ECE}"
EndProject
Project("{9A19103F-16F7-4668-BE54-9A1E7A4F7556}") = "Bongo.DataAccess", "Bongo_InitialSetup (.NET 6)\Bongo.DataAccess\Bongo.DataAccess.csproj", "{F09D5589-D25C-4DF7-B154-36D9A0A1E0C6}"
EndProject
Project("{9A19103F-16F7-4668-BE54-9A1E7A4F7556}") = "Bongo.Core", "Bongo_InitialSetup (.NET 6)\Bongo.Core\Bongo.Core.csproj", "{C6FB360B-DF5A-4D02-AB49-D9EE9361841A}"
EndProject
Project("{9A19103F-16F7-4668-BE54-9A1E7A4F7556}") = "Bongo.Models", "Bongo_InitialSetup (.NET 6)\Bongo.Models\Bongo.Models.csproj", "{BF7686CF-E4C6-4C7F-83F4-38E5ABB0436F}"
EndProject
Project("{9A19103F-16F7-4668-BE54-9A1E7A4F7556}") = "Bongo.Web", "Bongo_InitialSetup (.NET 6)\Bongo.Web\Bongo.Web.csproj", "{2D22ED55-CF7F-4B62-BA4E-4510A0F7C774}"
EndProject
Project("{FAE04EC0-301F-11D3-BF4B-00C04F79EFBC}") = "Bongo.Models.Tests", "Bongo.Models.Tests\Bongo.Models.Tests.csproj", "{137BE74C-8903-40FD-B5DD-469DABAD078E}"
EndProject
Global
	GlobalSection(SolutionConfigurationPlatforms) = preSolution
		Debug|Any CPU = Debug|Any CPU
		Release|Any CPU = Release|Any CPU
	EndGlobalSection
	GlobalSection(ProjectConfigurationPlatforms) = postSolution
		{FAA6218C-ABCB-420C-A9B4-EDA0CEA654F0}.Debug|Any CPU.ActiveCfg = Debug|Any CPU
		{FAA6218C-ABCB-420C-A9B4-EDA0CEA654F0}.Debug|Any CPU.Build.0 = Debug|Any CPU
		{FAA6218C-ABCB-420C-A9B4-EDA0CEA654F0}.Release|Any CPU.ActiveCfg = Release|Any CPU
		{FAA6218C-ABCB-420C-A9B4-EDA0CEA654F0}.Release|Any CPU.Build.0 = Release|Any CPU
		{EA23CCAB-38E2-473D-B82B-ED1FE6B73399}.Debug|Any CPU.ActiveCfg = Debug|Any CPU
		{EA23CCAB-38E2-473D-B82B-ED1FE6B73399}.Debug|Any CPU.Build.0 = Debug|Any CPU
		{EA23CCAB-38E2-473D-B82B-ED1FE6B73399}.Release|Any CPU.ActiveCfg = Release|Any CPU
		{EA23CCAB-38E2-473D-B82B-ED1FE6B73399}.Release|Any CPU.Build.0 = Release|Any CPU
		{CBAAA3C6-3238-473B-A194-DCD8C31C4A85}.Debug|Any CPU.ActiveCfg = Debug|Any CPU
		{CBAAA3C6-3238-473B-A194-DCD8C31C4A85}.Debug|Any CPU.Build.0 = Debug|Any CPU
		{CBAAA3C6-3238-473B-A194-DCD8C31C4A85}.Release|Any CPU.ActiveCfg = Release|Any CPU
		{CBAAA3C6-3238-473B-A194-DCD8C31C4A85}.Release|Any CPU.Build.0 = Release|Any CPU
		{9DC4A5EA-9D7B-4A7D-9BF1-30CA364EF8EF}.Debug|Any CPU.ActiveCfg = Debug|Any CPU
		{9DC4A5EA-9D7B-4A7D-9BF1-30CA364EF8EF}.Debug|Any CPU.Build.0 = Debug|Any CPU
		{9DC4A5EA-9D7B-4A7D-9BF1-30CA364EF8EF}.Release|Any CPU.ActiveCfg = Release|Any CPU
		{9DC4A5EA-9D7B-4A7D-9BF1-30CA364EF8EF}.Release|Any CPU.Build.0 = Release|Any CPU
		{F09D5589-D25C-4DF7-B154-36D9A0A1E0C6}.Debug|Any CPU.ActiveCfg = Debug|Any CPU
		{F09D5589-D25C-4DF7-B154-36D9A0A1E0C6}.Debug|Any CPU.Build.0 = Debug|Any CPU
		{F09D5589-D25C-4DF7-B154-36D9A0A1E0C6}.Release|Any CPU.ActiveCfg = Release|Any CPU
		{F09D5589-D25C-4DF7-B154-36D9A0A1E0C6}.Release|Any CPU.Build.0 = Release|Any CPU
		{C6FB360B-DF5A-4D02-AB49-D9EE9361841A}.Debug|Any CPU.ActiveCfg = Debug|Any CPU
		{C6FB360B-DF5A-4D02-AB49-D9EE9361841A}.Debug|Any CPU.Build.0 = Debug|Any CPU
		{C6FB360B-DF5A-4D02-AB49-D9EE9361841A}.Release|Any CPU.ActiveCfg = Release|Any CPU
		{C6FB360B-DF5A-4D02-AB49-D9EE9361841A}.Release|Any CPU.Build.0 = Release|Any CPU
		{BF7686CF-E4C6-4C7F-83F4-38E5ABB0436F}.Debug|Any CPU.ActiveCfg = Debug|Any CPU
		{BF7686CF-E4C6-4C7F-83F4-38E5ABB0436F}.Debug|Any CPU.Build.0 = Debug|Any CPU
		{BF7686CF-E4C6-4C7F-83F4-38E5ABB0436F}.Release|Any CPU.ActiveCfg = Release|Any CPU
		{BF7686CF-E4C6-4C7F-83F4-38E5ABB0436F}.Release|Any CPU.Build.0 = Release|Any CPU
		{2D22ED55-CF7F-4B62-BA4E-4510A0F7C774}.Debug|Any CPU.ActiveCfg = Debug|Any CPU
		{2D22ED55-CF7F-4B62-BA4E-4510A0F7C774}.Debug|Any CPU.Build.0 = Debug|Any CPU
		{2D22ED55-CF7F-4B62-BA4E-4510A0F7C774}.Release|Any CPU.ActiveCfg = Release|Any CPU
		{2D22ED55-CF7F-4B62-BA4E-4510A0F7C774}.Release|Any CPU.Build.0 = Release|Any CPU
		{137BE74C-8903-40FD-B5DD-469DABAD078E}.Debug|Any CPU.ActiveCfg = Debug|Any CPU
		{137BE74C-8903-40FD-B5DD-469DABAD078E}.Debug|Any CPU.Build.0 = Debug|Any CPU
		{137BE74C-8903-40FD-B5DD-469DABAD078E}.Release|Any CPU.ActiveCfg = Release|Any CPU
		{137BE74C-8903-40FD-B5DD-469DABAD078E}.Release|Any CPU.Build.0 = Release|Any CPU
	EndGlobalSection
	GlobalSection(SolutionProperties) = preSolution
		HideSolutionNode = FALSE
	EndGlobalSection
	GlobalSection(NestedProjects) = preSolution
		{FAA6218C-ABCB-420C-A9B4-EDA0CEA654F0} = {1BCBC7C4-BB51-4960-86F8-17A6E7E1EBFD}
		{EA23CCAB-38E2-473D-B82B-ED1FE6B73399} = {1BCBC7C4-BB51-4960-86F8-17A6E7E1EBFD}
		{CBAAA3C6-3238-473B-A194-DCD8C31C4A85} = {1BCBC7C4-BB51-4960-86F8-17A6E7E1EBFD}
		{9DC4A5EA-9D7B-4A7D-9BF1-30CA364EF8EF} = {1BCBC7C4-BB51-4960-86F8-17A6E7E1EBFD}
		{F09D5589-D25C-4DF7-B154-36D9A0A1E0C6} = {F477FB05-5CF0-4F27-A86B-47D6DCE90ECE}
		{C6FB360B-DF5A-4D02-AB49-D9EE9361841A} = {F477FB05-5CF0-4F27-A86B-47D6DCE90ECE}
		{BF7686CF-E4C6-4C7F-83F4-38E5ABB0436F} = {F477FB05-5CF0-4F27-A86B-47D6DCE90ECE}
		{2D22ED55-CF7F-4B62-BA4E-4510A0F7C774} = {F477FB05-5CF0-4F27-A86B-47D6DCE90ECE}
		{137BE74C-8903-40FD-B5DD-469DABAD078E} = {F477FB05-5CF0-4F27-A86B-47D6DCE90ECE}
	EndGlobalSection
	GlobalSection(ExtensibilityGlobals) = postSolution
		SolutionGuid = {108EC5D2-1003-4E82-B013-8FD164C5EF6B}
	EndGlobalSection
EndGlobal
